// !$*UTF8*$!
{
	archiveVersion = 1;
	classes = {
	};
	objectVersion = 50;
	objects = {

/* Begin PBXBuildFile section */
		3F03551B26EA3A0E00338E5E /* AppDelegate.swift in Sources */ = {isa = PBXBuildFile; fileRef = 3F03551A26EA3A0E00338E5E /* AppDelegate.swift */; };
		3F03551D26EA3A0E00338E5E /* SceneDelegate.swift in Sources */ = {isa = PBXBuildFile; fileRef = 3F03551C26EA3A0E00338E5E /* SceneDelegate.swift */; };
		3F03551F26EA3A0E00338E5E /* ViewController.swift in Sources */ = {isa = PBXBuildFile; fileRef = 3F03551E26EA3A0E00338E5E /* ViewController.swift */; };
		3F03552226EA3A0E00338E5E /* Main.storyboard in Resources */ = {isa = PBXBuildFile; fileRef = 3F03552026EA3A0E00338E5E /* Main.storyboard */; };
		3F03552426EA3A1200338E5E /* Assets.xcassets in Resources */ = {isa = PBXBuildFile; fileRef = 3F03552326EA3A1200338E5E /* Assets.xcassets */; };
		3F03552726EA3A1200338E5E /* LaunchScreen.storyboard in Resources */ = {isa = PBXBuildFile; fileRef = 3F03552526EA3A1200338E5E /* LaunchScreen.storyboard */; };
/* End PBXBuildFile section */

/* Begin PBXFileReference section */
		3F03551726EA3A0E00338E5E /* Bairy_FormatName.app */ = {isa = PBXFileReference; explicitFileType = wrapper.application; includeInIndex = 0; path = Bairy_FormatName.app; sourceTree = BUILT_PRODUCTS_DIR; };
		3F03551A26EA3A0E00338E5E /* AppDelegate.swift */ = {isa = PBXFileReference; lastKnownFileType = sourcecode.swift; path = AppDelegate.swift; sourceTree = "<group>"; };
		3F03551C26EA3A0E00338E5E /* SceneDelegate.swift */ = {isa = PBXFileReference; lastKnownFileType = sourcecode.swift; path = SceneDelegate.swift; sourceTree = "<group>"; };
		3F03551E26EA3A0E00338E5E /* ViewController.swift */ = {isa = PBXFileReference; lastKnownFileType = sourcecode.swift; path = ViewController.swift; sourceTree = "<group>"; };
		3F03552126EA3A0E00338E5E /* Base */ = {isa = PBXFileReference; lastKnownFileType = file.storyboard; name = Base; path = Base.lproj/Main.storyboard; sourceTree = "<group>"; };
		3F03552326EA3A1200338E5E /* Assets.xcassets */ = {isa = PBXFileReference; lastKnownFileType = folder.assetcatalog; path = Assets.xcassets; sourceTree = "<group>"; };
		3F03552626EA3A1200338E5E /* Base */ = {isa = PBXFileReference; lastKnownFileType = file.storyboard; name = Base; path = Base.lproj/LaunchScreen.storyboard; sourceTree = "<group>"; };
		3F03552826EA3A1200338E5E /* Info.plist */ = {isa = PBXFileReference; lastKnownFileType = text.plist.xml; path = Info.plist; sourceTree = "<group>"; };
/* End PBXFileReference section */

/* Begin PBXFrameworksBuildPhase section */
		3F03551426EA3A0E00338E5E /* Frameworks */ = {
			isa = PBXFrameworksBuildPhase;
			buildActionMask = 2147483647;
			files = (
			);
			runOnlyForDeploymentPostprocessing = 0;
		};
/* End PBXFrameworksBuildPhase section */

/* Begin PBXGroup section */
		3F03550E26EA3A0E00338E5E = {
			isa = PBXGroup;
			children = (
				3F03551926EA3A0E00338E5E /* Bairy_FormatName */,
				3F03551826EA3A0E00338E5E /* Products */,
			);
			sourceTree = "<group>";
		};
		3F03551826EA3A0E00338E5E /* Products */ = {
			isa = PBXGroup;
			children = (
				3F03551726EA3A0E00338E5E /* Bairy_FormatName.app */,
			);
			name = Products;
			sourceTree = "<group>";
		};
		3F03551926EA3A0E00338E5E /* Bairy_FormatName */ = {
			isa = PBXGroup;
			children = (
				3F03551A26EA3A0E00338E5E /* AppDelegate.swift */,
				3F03551C26EA3A0E00338E5E /* SceneDelegate.swift */,
				3F03551E26EA3A0E00338E5E /* ViewController.swift */,
				3F03552026EA3A0E00338E5E /* Main.storyboard */,
				3F03552326EA3A1200338E5E /* Assets.xcassets */,
				3F03552526EA3A1200338E5E /* LaunchScreen.storyboard */,
				3F03552826EA3A1200338E5E /* Info.plist */,
			);
			path = Bairy_FormatName;
			sourceTree = "<group>";
		};
/* End PBXGroup section */

/* Begin PBXNativeTarget section */
		3F03551626EA3A0E00338E5E /* Bairy_FormatName */ = {
			isa = PBXNativeTarget;
			buildConfigurationList = 3F03552B26EA3A1200338E5E /* Build configuration list for PBXNativeTarget "Bairy_FormatName" */;
			buildPhases = (
				3F03551326EA3A0E00338E5E /* Sources */,
				3F03551426EA3A0E00338E5E /* Frameworks */,
				3F03551526EA3A0E00338E5E /* Resources */,
			);
			buildRules = (
			);
			dependencies = (
			);
			name = Bairy_FormatName;
			productName = Bairy_FormatName;
			productReference = 3F03551726EA3A0E00338E5E /* Bairy_FormatName.app */;
			productType = "com.apple.product-type.application";
		};
/* End PBXNativeTarget section */

/* Begin PBXProject section */
		3F03550F26EA3A0E00338E5E /* Project object */ = {
			isa = PBXProject;
			attributes = {
				LastSwiftUpdateCheck = 1220;
				LastUpgradeCheck = 1220;
				TargetAttributes = {
					3F03551626EA3A0E00338E5E = {
						CreatedOnToolsVersion = 12.2;
					};
				};
			};
			buildConfigurationList = 3F03551226EA3A0E00338E5E /* Build configuration list for PBXProject "Bairy_FormatName" */;
			compatibilityVersion = "Xcode 9.3";
			developmentRegion = en;
			hasScannedForEncodings = 0;
			knownRegions = (
				en,
				Base,
			);
			mainGroup = 3F03550E26EA3A0E00338E5E;
			productRefGroup = 3F03551826EA3A0E00338E5E /* Products */;
			projectDirPath = "";
			projectRoot = "";
			targets = (
				3F03551626EA3A0E00338E5E /* Bairy_FormatName */,
			);
		};
/* End PBXProject section */

/* Begin PBXResourcesBuildPhase section */
		3F03551526EA3A0E00338E5E /* Resources */ = {
			isa = PBXResourcesBuildPhase;
			buildActionMask = 2147483647;
			files = (
				3F03552726EA3A1200338E5E /* LaunchScreen.storyboard in Resources */,
				3F03552426EA3A1200338E5E /* Assets.xcassets in Resources */,
				3F03552226EA3A0E00338E5E /* Main.storyboard in Resources */,
			);
			runOnlyForDeploymentPostprocessing = 0;
		};
/* End PBXResourcesBuildPhase section */

/* Begin PBXSourcesBuildPhase section */
		3F03551326EA3A0E00338E5E /* Sources */ = {
			isa = PBXSourcesBuildPhase;
			buildActionMask = 2147483647;
			files = (
				3F03551F26EA3A0E00338E5E /* ViewController.swift in Sources */,
				3F03551B26EA3A0E00338E5E /* AppDelegate.swift in Sources */,
				3F03551D26EA3A0E00338E5E /* SceneDelegate.swift in Sources */,
			);
			runOnlyForDeploymentPostprocessing = 0;
		};
/* End PBXSourcesBuildPhase section */

/* Begin PBXVariantGroup section */
		3F03552026EA3A0E00338E5E /* Main.storyboard */ = {
			isa = PBXVariantGroup;
			children = (
				3F03552126EA3A0E00338E5E /* Base */,
			);
			name = Main.storyboard;
			sourceTree = "<group>";
		};
		3F03552526EA3A1200338E5E /* LaunchScreen.storyboard */ = {
			isa = PBXVariantGroup;
			children = (
				3F03552626EA3A1200338E5E /* Base */,
			);
			name = LaunchScreen.storyboard;
			sourceTree = "<group>";
		};
/* End PBXVariantGroup section */

/* Begin XCBuildConfiguration section */
		3F03552926EA3A1200338E5E /* Debug */ = {
			isa = XCBuildConfiguration;
			buildSettings = {
				ALWAYS_SEARCH_USER_PATHS = NO;
				CLANG_ANALYZER_NONNULL = YES;
				CLANG_ANALYZER_NUMBER_OBJECT_CONVERSION = YES_AGGRESSIVE;
				CLANG_CXX_LANGUAGE_STANDARD = "gnu++14";
				CLANG_CXX_LIBRARY = "libc++";
				CLANG_ENABLE_MODULES = YES;
				CLANG_ENABLE_OBJC_ARC = YES;
				CLANG_ENABLE_OBJC_WEAK = YES;
				CLANG_WARN_BLOCK_CAPTURE_AUTORELEASING = YES;
				CLANG_WARN_BOOL_CONVERSION = YES;
				CLANG_WARN_COMMA = YES;
				CLANG_WARN_CONSTANT_CONVERSION = YES;
				CLANG_WARN_DEPRECATED_OBJC_IMPLEMENTATIONS = YES;
				CLANG_WARN_DIRECT_OBJC_ISA_USAGE = YES_ERROR;
				CLANG_WARN_DOCUMENTATION_COMMENTS = YES;
				CLANG_WARN_EMPTY_BODY = YES;
				CLANG_WARN_ENUM_CONVERSION = YES;
				CLANG_WARN_INFINITE_RECURSION = YES;
				CLANG_WARN_INT_CONVERSION = YES;
				CLANG_WARN_NON_LITERAL_NULL_CONVERSION = YES;
				CLANG_WARN_OBJC_IMPLICIT_RETAIN_SELF = YES;
				CLANG_WARN_OBJC_LITERAL_CONVERSION = YES;
				CLANG_WARN_OBJC_ROOT_CLASS = YES_ERROR;
				CLANG_WARN_QUOTED_INCLUDE_IN_FRAMEWORK_HEADER = YES;
				CLANG_WARN_RANGE_LOOP_ANALYSIS = YES;
				CLANG_WARN_STRICT_PROTOTYPES = YES;
				CLANG_WARN_SUSPICIOUS_MOVE = YES;
				CLANG_WARN_UNGUARDED_AVAILABILITY = YES_AGGRESSIVE;
				CLANG_WARN_UNREACHABLE_CODE = YES;
				CLANG_WARN__DUPLICATE_METHOD_MATCH = YES;
				COPY_PHASE_STRIP = NO;
				DEBUG_INFORMATION_FORMAT = dwarf;
				ENABLE_STRICT_OBJC_MSGSEND = YES;
				ENABLE_TESTABILITY = YES;
				GCC_C_LANGUAGE_STANDARD = gnu11;
				GCC_DYNAMIC_NO_PIC = NO;
				GCC_NO_COMMON_BLOCKS = YES;
				GCC_OPTIMIZATION_LEVEL = 0;
				GCC_PREPROCESSOR_DEFINITIONS = (
					"DEBUG=1",
					"$(inherited)",
				);
				GCC_WARN_64_TO_32_BIT_CONVERSION = YES;
				GCC_WARN_ABOUT_RETURN_TYPE = YES_ERROR;
				GCC_WARN_UNDECLARED_SELECTOR = YES;
				GCC_WARN_UNINITIALIZED_AUTOS = YES_AGGRESSIVE;
				GCC_WARN_UNUSED_FUNCTION = YES;
				GCC_WARN_UNUSED_VARIABLE = YES;
				IPHONEOS_DEPLOYMENT_TARGET = 14.2;
				MTL_ENABLE_DEBUG_INFO = INCLUDE_SOURCE;
				MTL_FAST_MATH = YES;
				ONLY_ACTIVE_ARCH = YES;
				SDKROOT = iphoneos;
				SWIFT_ACTIVE_COMPILATION_CONDITIONS = DEBUG;
				SWIFT_OPTIMIZATION_LEVEL = "-Onone";
			};
			name = Debug;
		};
		3F03552A26EA3A1200338E5E /* Release */ = {
			isa = XCBuildConfiguration;
			buildSettings = {
				ALWAYS_SEARCH_USER_PATHS = NO;
				CLANG_ANALYZER_NONNULL = YES;
				CLANG_ANALYZER_NUMBER_OBJECT_CONVERSION = YES_AGGRESSIVE;
				CLANG_CXX_LANGUAGE_STANDARD = "gnu++14";
				CLANG_CXX_LIBRARY = "libc++";
				CLANG_ENABLE_MODULES = YES;
				CLANG_ENABLE_OBJC_ARC = YES;
				CLANG_ENABLE_OBJC_WEAK = YES;
				CLANG_WARN_BLOCK_CAPTURE_AUTORELEASING = YES;
				CLANG_WARN_BOOL_CONVERSION = YES;
				CLANG_WARN_COMMA = YES;
				CLANG_WARN_CONSTANT_CONVERSION = YES;
				CLANG_WARN_DEPRECATED_OBJC_IMPLEMENTATIONS = YES;
				CLANG_WARN_DIRECT_OBJC_ISA_USAGE = YES_ERROR;
				CLANG_WARN_DOCUMENTATION_COMMENTS = YES;
				CLANG_WARN_EMPTY_BODY = YES;
				CLANG_WARN_ENUM_CONVERSION = YES;
				CLANG_WARN_INFINITE_RECURSION = YES;
				CLANG_WARN_INT_CONVERSION = YES;
				CLANG_WARN_NON_LITERAL_NULL_CONVERSION = YES;
				CLANG_WARN_OBJC_IMPLICIT_RETAIN_SELF = YES;
				CLANG_WARN_OBJC_LITERAL_CONVERSION = YES;
				CLANG_WARN_OBJC_ROOT_CLASS = YES_ERROR;
				CLANG_WARN_QUOTED_INCLUDE_IN_FRAMEWORK_HEADER = YES;
				CLANG_WARN_RANGE_LOOP_ANALYSIS = YES;
				CLANG_WARN_STRICT_PROTOTYPES = YES;
				CLANG_WARN_SUSPICIOUS_MOVE = YES;
				CLANG_WARN_UNGUARDED_AVAILABILITY = YES_AGGRESSIVE;
				CLANG_WARN_UNREACHABLE_CODE = YES;
				CLANG_WARN__DUPLICATE_METHOD_MATCH = YES;
				COPY_PHASE_STRIP = NO;
				DEBUG_INFORMATION_FORMAT = "dwarf-with-dsym";
				ENABLE_NS_ASSERTIONS = NO;
				ENABLE_STRICT_OBJC_MSGSEND = YES;
				GCC_C_LANGUAGE_STANDARD = gnu11;
				GCC_NO_COMMON_BLOCKS = YES;
				GCC_WARN_64_TO_32_BIT_CONVERSION = YES;
				GCC_WARN_ABOUT_RETURN_TYPE = YES_ERROR;
				GCC_WARN_UNDECLARED_SELECTOR = YES;
				GCC_WARN_UNINITIALIZED_AUTOS = YES_AGGRESSIVE;
				GCC_WARN_UNUSED_FUNCTION = YES;
				GCC_WARN_UNUSED_VARIABLE = YES;
				IPHONEOS_DEPLOYMENT_TARGET = 14.2;
				MTL_ENABLE_DEBUG_INFO = NO;
				MTL_FAST_MATH = YES;
				SDKROOT = iphoneos;
				SWIFT_COMPILATION_MODE = wholemodule;
				SWIFT_OPTIMIZATION_LEVEL = "-O";
				VALIDATE_PRODUCT = YES;
			};
			name = Release;
		};
		3F03552C26EA3A1200338E5E /* Debug */ = {
			isa = XCBuildConfiguration;
			buildSettings = {
				ASSETCATALOG_COMPILER_APPICON_NAME = AppIcon;
				ASSETCATALOG_COMPILER_GLOBAL_ACCENT_COLOR_NAME = AccentColor;
				CODE_SIGN_STYLE = Automatic;
				INFOPLIST_FILE = Bairy_FormatName/Info.plist;
				LD_RUNPATH_SEARCH_PATHS = (
					"$(inherited)",
					"@executable_path/Frameworks",
				);
				PRODUCT_BUNDLE_IDENTIFIER = "nwmsu.Bairy-FormatName";
				PRODUCT_NAME = "$(TARGET_NAME)";
				SWIFT_VERSION = 5.0;
				TARGETED_DEVICE_FAMILY = "1,2";
			};
			name = Debug;
		};
		3F03552D26EA3A1200338E5E /* Release */ = {
			isa = XCBuildConfiguration;
			buildSettings = {
				ASSETCATALOG_COMPILER_APPICON_NAME = AppIcon;
				ASSETCATALOG_COMPILER_GLOBAL_ACCENT_COLOR_NAME = AccentColor;
				CODE_SIGN_STYLE = Automatic;
				INFOPLIST_FILE = Bairy_FormatName/Info.plist;
				LD_RUNPATH_SEARCH_PATHS = (
					"$(inherited)",
					"@executable_path/Frameworks",
				);
				PRODUCT_BUNDLE_IDENTIFIER = "nwmsu.Bairy-FormatName";
				PRODUCT_NAME = "$(TARGET_NAME)";
				SWIFT_VERSION = 5.0;
				TARGETED_DEVICE_FAMILY = "1,2";
			};
			name = Release;
		};
/* End XCBuildConfiguration section */

/* Begin XCConfigurationList section */
		3F03551226EA3A0E00338E5E /* Build configuration list for PBXProject "Bairy_FormatName" */ = {
			isa = XCConfigurationList;
			buildConfigurations = (
				3F03552926EA3A1200338E5E /* Debug */,
				3F03552A26EA3A1200338E5E /* Release */,
			);
			defaultConfigurationIsVisible = 0;
			defaultConfigurationName = Release;
		};
		3F03552B26EA3A1200338E5E /* Build configuration list for PBXNativeTarget "Bairy_FormatName" */ = {
			isa = XCConfigurationList;
			buildConfigurations = (
				3F03552C26EA3A1200338E5E /* Debug */,
				3F03552D26EA3A1200338E5E /* Release */,
			);
			defaultConfigurationIsVisible = 0;
			defaultConfigurationName = Release;
		};
/* End XCConfigurationList section */
	};
	rootObject = 3F03550F26EA3A0E00338E5E /* Project object */;
}
